
Microsoft Visual Studio Solution File, Format Version 12.00
# Visual Studio Version 16
VisualStudioVersion = 16.0.30002.166
MinimumVisualStudioVersion = 10.0.40219.1
Project("{9A19103F-16F7-4668-BE54-9A1E7A4F7556}") = "MilesBackOffice.Web", "MilesTests\MilesBackOffice.Web.csproj", "{9BA27FA3-CCC9-45D4-BA1B-A6873131DDF8}"
EndProject
Project("{9A19103F-16F7-4668-BE54-9A1E7A4F7556}") = "CinelAirMiles", "CinelAirMiles\CinelAirMiles.csproj", "{0E6F87ED-8C45-468B-843D-59DD3C39B857}"
EndProject
Project("{9A19103F-16F7-4668-BE54-9A1E7A4F7556}") = "CinelAirMilesLibrary.Common", "CinelAirMilesLibrary.Web\CinelAirMilesLibrary.Common.csproj", "{67A4C176-087F-4D9F-B6E7-A34BF3907F1E}"
EndProject
Project("{FAE04EC0-301F-11D3-BF4B-00C04F79EFBC}") = "CinelAirMiles.Prism", "CinelAirMiles.Prism\CinelAirMiles.Prism\CinelAirMiles.Prism.csproj", "{F9847E98-F4A5-4EA6-AB73-3781895D4063}"
EndProject
Project("{FAE04EC0-301F-11D3-BF4B-00C04F79EFBC}") = "CinelAirMiles.Prism.Android", "CinelAirMiles.Prism\CinelAirMiles.Prism.Android\CinelAirMiles.Prism.Android.csproj", "{23838296-3D60-4FE4-A4A2-BA36D8919506}"
EndProject
Project("{FAE04EC0-301F-11D3-BF4B-00C04F79EFBC}") = "CinelAirMiles.Prism.iOS", "CinelAirMiles.Prism\CinelAirMiles.Prism.iOS\CinelAirMiles.Prism.iOS.csproj", "{EFF1C47C-0685-4869-9BBA-7A4E14AA9654}"
EndProject
Global
	GlobalSection(SolutionConfigurationPlatforms) = preSolution
		Ad-Hoc|Any CPU = Ad-Hoc|Any CPU
		Ad-Hoc|iPhone = Ad-Hoc|iPhone
		Ad-Hoc|iPhoneSimulator = Ad-Hoc|iPhoneSimulator
		AppStore|Any CPU = AppStore|Any CPU
		AppStore|iPhone = AppStore|iPhone
		AppStore|iPhoneSimulator = AppStore|iPhoneSimulator
		Debug|Any CPU = Debug|Any CPU
		Debug|iPhone = Debug|iPhone
		Debug|iPhoneSimulator = Debug|iPhoneSimulator
		Release|Any CPU = Release|Any CPU
		Release|iPhone = Release|iPhone
		Release|iPhoneSimulator = Release|iPhoneSimulator
	EndGlobalSection
	GlobalSection(ProjectConfigurationPlatforms) = postSolution
		{9BA27FA3-CCC9-45D4-BA1B-A6873131DDF8}.Ad-Hoc|Any CPU.ActiveCfg = Release|Any CPU
		{9BA27FA3-CCC9-45D4-BA1B-A6873131DDF8}.Ad-Hoc|Any CPU.Build.0 = Release|Any CPU
		{9BA27FA3-CCC9-45D4-BA1B-A6873131DDF8}.Ad-Hoc|iPhone.ActiveCfg = Release|Any CPU
		{9BA27FA3-CCC9-45D4-BA1B-A6873131DDF8}.Ad-Hoc|iPhone.Build.0 = Release|Any CPU
		{9BA27FA3-CCC9-45D4-BA1B-A6873131DDF8}.Ad-Hoc|iPhoneSimulator.ActiveCfg = Release|Any CPU
		{9BA27FA3-CCC9-45D4-BA1B-A6873131DDF8}.Ad-Hoc|iPhoneSimulator.Build.0 = Release|Any CPU
		{9BA27FA3-CCC9-45D4-BA1B-A6873131DDF8}.AppStore|Any CPU.ActiveCfg = Release|Any CPU
		{9BA27FA3-CCC9-45D4-BA1B-A6873131DDF8}.AppStore|Any CPU.Build.0 = Release|Any CPU
		{9BA27FA3-CCC9-45D4-BA1B-A6873131DDF8}.AppStore|iPhone.ActiveCfg = Release|Any CPU
		{9BA27FA3-CCC9-45D4-BA1B-A6873131DDF8}.AppStore|iPhone.Build.0 = Release|Any CPU
		{9BA27FA3-CCC9-45D4-BA1B-A6873131DDF8}.AppStore|iPhoneSimulator.ActiveCfg = Release|Any CPU
		{9BA27FA3-CCC9-45D4-BA1B-A6873131DDF8}.AppStore|iPhoneSimulator.Build.0 = Release|Any CPU
		{9BA27FA3-CCC9-45D4-BA1B-A6873131DDF8}.Debug|Any CPU.ActiveCfg = Debug|Any CPU
		{9BA27FA3-CCC9-45D4-BA1B-A6873131DDF8}.Debug|Any CPU.Build.0 = Debug|Any CPU
		{9BA27FA3-CCC9-45D4-BA1B-A6873131DDF8}.Debug|iPhone.ActiveCfg = Debug|Any CPU
		{9BA27FA3-CCC9-45D4-BA1B-A6873131DDF8}.Debug|iPhone.Build.0 = Debug|Any CPU
		{9BA27FA3-CCC9-45D4-BA1B-A6873131DDF8}.Debug|iPhoneSimulator.ActiveCfg = Debug|Any CPU
		{9BA27FA3-CCC9-45D4-BA1B-A6873131DDF8}.Debug|iPhoneSimulator.Build.0 = Debug|Any CPU
		{9BA27FA3-CCC9-45D4-BA1B-A6873131DDF8}.Release|Any CPU.ActiveCfg = Release|Any CPU
		{9BA27FA3-CCC9-45D4-BA1B-A6873131DDF8}.Release|Any CPU.Build.0 = Release|Any CPU
		{9BA27FA3-CCC9-45D4-BA1B-A6873131DDF8}.Release|iPhone.ActiveCfg = Release|Any CPU
		{9BA27FA3-CCC9-45D4-BA1B-A6873131DDF8}.Release|iPhone.Build.0 = Release|Any CPU
		{9BA27FA3-CCC9-45D4-BA1B-A6873131DDF8}.Release|iPhoneSimulator.ActiveCfg = Release|Any CPU
		{9BA27FA3-CCC9-45D4-BA1B-A6873131DDF8}.Release|iPhoneSimulator.Build.0 = Release|Any CPU
		{0E6F87ED-8C45-468B-843D-59DD3C39B857}.Ad-Hoc|Any CPU.ActiveCfg = Release|Any CPU
		{0E6F87ED-8C45-468B-843D-59DD3C39B857}.Ad-Hoc|Any CPU.Build.0 = Release|Any CPU
		{0E6F87ED-8C45-468B-843D-59DD3C39B857}.Ad-Hoc|iPhone.ActiveCfg = Release|Any CPU
		{0E6F87ED-8C45-468B-843D-59DD3C39B857}.Ad-Hoc|iPhone.Build.0 = Release|Any CPU
		{0E6F87ED-8C45-468B-843D-59DD3C39B857}.Ad-Hoc|iPhoneSimulator.ActiveCfg = Release|Any CPU
		{0E6F87ED-8C45-468B-843D-59DD3C39B857}.Ad-Hoc|iPhoneSimulator.Build.0 = Release|Any CPU
		{0E6F87ED-8C45-468B-843D-59DD3C39B857}.AppStore|Any CPU.ActiveCfg = Release|Any CPU
		{0E6F87ED-8C45-468B-843D-59DD3C39B857}.AppStore|Any CPU.Build.0 = Release|Any CPU
		{0E6F87ED-8C45-468B-843D-59DD3C39B857}.AppStore|iPhone.ActiveCfg = Release|Any CPU
		{0E6F87ED-8C45-468B-843D-59DD3C39B857}.AppStore|iPhone.Build.0 = Release|Any CPU
		{0E6F87ED-8C45-468B-843D-59DD3C39B857}.AppStore|iPhoneSimulator.ActiveCfg = Release|Any CPU
		{0E6F87ED-8C45-468B-843D-59DD3C39B857}.AppStore|iPhoneSimulator.Build.0 = Release|Any CPU
		{0E6F87ED-8C45-468B-843D-59DD3C39B857}.Debug|Any CPU.ActiveCfg = Debug|Any CPU
		{0E6F87ED-8C45-468B-843D-59DD3C39B857}.Debug|Any CPU.Build.0 = Debug|Any CPU
		{0E6F87ED-8C45-468B-843D-59DD3C39B857}.Debug|iPhone.ActiveCfg = Debug|Any CPU
		{0E6F87ED-8C45-468B-843D-59DD3C39B857}.Debug|iPhone.Build.0 = Debug|Any CPU
		{0E6F87ED-8C45-468B-843D-59DD3C39B857}.Debug|iPhoneSimulator.ActiveCfg = Debug|Any CPU
		{0E6F87ED-8C45-468B-843D-59DD3C39B857}.Debug|iPhoneSimulator.Build.0 = Debug|Any CPU
		{0E6F87ED-8C45-468B-843D-59DD3C39B857}.Release|Any CPU.ActiveCfg = Release|Any CPU
		{0E6F87ED-8C45-468B-843D-59DD3C39B857}.Release|Any CPU.Build.0 = Release|Any CPU
		{0E6F87ED-8C45-468B-843D-59DD3C39B857}.Release|iPhone.ActiveCfg = Release|Any CPU
		{0E6F87ED-8C45-468B-843D-59DD3C39B857}.Release|iPhone.Build.0 = Release|Any CPU
		{0E6F87ED-8C45-468B-843D-59DD3C39B857}.Release|iPhoneSimulator.ActiveCfg = Release|Any CPU
		{0E6F87ED-8C45-468B-843D-59DD3C39B857}.Release|iPhoneSimulator.Build.0 = Release|Any CPU
		{67A4C176-087F-4D9F-B6E7-A34BF3907F1E}.Ad-Hoc|Any CPU.ActiveCfg = Release|Any CPU
		{67A4C176-087F-4D9F-B6E7-A34BF3907F1E}.Ad-Hoc|Any CPU.Build.0 = Release|Any CPU
		{67A4C176-087F-4D9F-B6E7-A34BF3907F1E}.Ad-Hoc|iPhone.ActiveCfg = Release|Any CPU
		{67A4C176-087F-4D9F-B6E7-A34BF3907F1E}.Ad-Hoc|iPhone.Build.0 = Release|Any CPU
		{67A4C176-087F-4D9F-B6E7-A34BF3907F1E}.Ad-Hoc|iPhoneSimulator.ActiveCfg = Release|Any CPU
		{67A4C176-087F-4D9F-B6E7-A34BF3907F1E}.Ad-Hoc|iPhoneSimulator.Build.0 = Release|Any CPU
		{67A4C176-087F-4D9F-B6E7-A34BF3907F1E}.AppStore|Any CPU.ActiveCfg = Release|Any CPU
		{67A4C176-087F-4D9F-B6E7-A34BF3907F1E}.AppStore|Any CPU.Build.0 = Release|Any CPU
		{67A4C176-087F-4D9F-B6E7-A34BF3907F1E}.AppStore|iPhone.ActiveCfg = Release|Any CPU
		{67A4C176-087F-4D9F-B6E7-A34BF3907F1E}.AppStore|iPhone.Build.0 = Release|Any CPU
		{67A4C176-087F-4D9F-B6E7-A34BF3907F1E}.AppStore|iPhoneSimulator.ActiveCfg = Release|Any CPU
		{67A4C176-087F-4D9F-B6E7-A34BF3907F1E}.AppStore|iPhoneSimulator.Build.0 = Release|Any CPU
		{67A4C176-087F-4D9F-B6E7-A34BF3907F1E}.Debug|Any CPU.ActiveCfg = Debug|Any CPU
		{67A4C176-087F-4D9F-B6E7-A34BF3907F1E}.Debug|Any CPU.Build.0 = Debug|Any CPU
		{67A4C176-087F-4D9F-B6E7-A34BF3907F1E}.Debug|iPhone.ActiveCfg = Debug|Any CPU
		{67A4C176-087F-4D9F-B6E7-A34BF3907F1E}.Debug|iPhone.Build.0 = Debug|Any CPU
		{67A4C176-087F-4D9F-B6E7-A34BF3907F1E}.Debug|iPhoneSimulator.ActiveCfg = Debug|Any CPU
		{67A4C176-087F-4D9F-B6E7-A34BF3907F1E}.Debug|iPhoneSimulator.Build.0 = Debug|Any CPU
		{67A4C176-087F-4D9F-B6E7-A34BF3907F1E}.Release|Any CPU.ActiveCfg = Release|Any CPU
		{67A4C176-087F-4D9F-B6E7-A34BF3907F1E}.Release|Any CPU.Build.0 = Release|Any CPU
		{67A4C176-087F-4D9F-B6E7-A34BF3907F1E}.Release|iPhone.ActiveCfg = Release|Any CPU
		{67A4C176-087F-4D9F-B6E7-A34BF3907F1E}.Release|iPhone.Build.0 = Release|Any CPU
		{67A4C176-087F-4D9F-B6E7-A34BF3907F1E}.Release|iPhoneSimulator.ActiveCfg = Release|Any CPU
		{67A4C176-087F-4D9F-B6E7-A34BF3907F1E}.Release|iPhoneSimulator.Build.0 = Release|Any CPU
		{F9847E98-F4A5-4EA6-AB73-3781895D4063}.Ad-Hoc|Any CPU.ActiveCfg = Debug|Any CPU
		{F9847E98-F4A5-4EA6-AB73-3781895D4063}.Ad-Hoc|Any CPU.Build.0 = Debug|Any CPU
		{F9847E98-F4A5-4EA6-AB73-3781895D4063}.Ad-Hoc|iPhone.ActiveCfg = Debug|Any CPU
		{F9847E98-F4A5-4EA6-AB73-3781895D4063}.Ad-Hoc|iPhone.Build.0 = Debug|Any CPU
		{F9847E98-F4A5-4EA6-AB73-3781895D4063}.Ad-Hoc|iPhoneSimulator.ActiveCfg = Debug|Any CPU
		{F9847E98-F4A5-4EA6-AB73-3781895D4063}.Ad-Hoc|iPhoneSimulator.Build.0 = Debug|Any CPU
		{F9847E98-F4A5-4EA6-AB73-3781895D4063}.AppStore|Any CPU.ActiveCfg = Debug|Any CPU
		{F9847E98-F4A5-4EA6-AB73-3781895D4063}.AppStore|Any CPU.Build.0 = Debug|Any CPU
		{F9847E98-F4A5-4EA6-AB73-3781895D4063}.AppStore|iPhone.ActiveCfg = Debug|Any CPU
		{F9847E98-F4A5-4EA6-AB73-3781895D4063}.AppStore|iPhone.Build.0 = Debug|Any CPU
		{F9847E98-F4A5-4EA6-AB73-3781895D4063}.AppStore|iPhoneSimulator.ActiveCfg = Debug|Any CPU
		{F9847E98-F4A5-4EA6-AB73-3781895D4063}.AppStore|iPhoneSimulator.Build.0 = Debug|Any CPU
		{F9847E98-F4A5-4EA6-AB73-3781895D4063}.Debug|Any CPU.ActiveCfg = Debug|Any CPU
		{F9847E98-F4A5-4EA6-AB73-3781895D4063}.Debug|Any CPU.Build.0 = Debug|Any CPU
		{F9847E98-F4A5-4EA6-AB73-3781895D4063}.Debug|iPhone.ActiveCfg = Debug|Any CPU
		{F9847E98-F4A5-4EA6-AB73-3781895D4063}.Debug|iPhone.Build.0 = Debug|Any CPU
		{F9847E98-F4A5-4EA6-AB73-3781895D4063}.Debug|iPhoneSimulator.ActiveCfg = Debug|Any CPU
		{F9847E98-F4A5-4EA6-AB73-3781895D4063}.Debug|iPhoneSimulator.Build.0 = Debug|Any CPU
		{F9847E98-F4A5-4EA6-AB73-3781895D4063}.Release|Any CPU.ActiveCfg = Release|Any CPU
		{F9847E98-F4A5-4EA6-AB73-3781895D4063}.Release|Any CPU.Build.0 = Release|Any CPU
		{F9847E98-F4A5-4EA6-AB73-3781895D4063}.Release|iPhone.ActiveCfg = Release|Any CPU
		{F9847E98-F4A5-4EA6-AB73-3781895D4063}.Release|iPhone.Build.0 = Release|Any CPU
		{F9847E98-F4A5-4EA6-AB73-3781895D4063}.Release|iPhoneSimulator.ActiveCfg = Release|Any CPU
		{F9847E98-F4A5-4EA6-AB73-3781895D4063}.Release|iPhoneSimulator.Build.0 = Release|Any CPU
		{23838296-3D60-4FE4-A4A2-BA36D8919506}.Ad-Hoc|Any CPU.ActiveCfg = Release|Any CPU
		{23838296-3D60-4FE4-A4A2-BA36D8919506}.Ad-Hoc|Any CPU.Build.0 = Release|Any CPU
		{23838296-3D60-4FE4-A4A2-BA36D8919506}.Ad-Hoc|Any CPU.Deploy.0 = Release|Any CPU
		{23838296-3D60-4FE4-A4A2-BA36D8919506}.Ad-Hoc|iPhone.ActiveCfg = Release|Any CPU
		{23838296-3D60-4FE4-A4A2-BA36D8919506}.Ad-Hoc|iPhone.Build.0 = Release|Any CPU
		{23838296-3D60-4FE4-A4A2-BA36D8919506}.Ad-Hoc|iPhone.Deploy.0 = Release|Any CPU
		{23838296-3D60-4FE4-A4A2-BA36D8919506}.Ad-Hoc|iPhoneSimulator.ActiveCfg = Release|Any CPU
		{23838296-3D60-4FE4-A4A2-BA36D8919506}.Ad-Hoc|iPhoneSimulator.Build.0 = Release|Any CPU
		{23838296-3D60-4FE4-A4A2-BA36D8919506}.Ad-Hoc|iPhoneSimulator.Deploy.0 = Release|Any CPU
		{23838296-3D60-4FE4-A4A2-BA36D8919506}.AppStore|Any CPU.ActiveCfg = Release|Any CPU
		{23838296-3D60-4FE4-A4A2-BA36D8919506}.AppStore|Any CPU.Build.0 = Release|Any CPU
		{23838296-3D60-4FE4-A4A2-BA36D8919506}.AppStore|Any CPU.Deploy.0 = Release|Any CPU
		{23838296-3D60-4FE4-A4A2-BA36D8919506}.AppStore|iPhone.ActiveCfg = Release|Any CPU
		{23838296-3D60-4FE4-A4A2-BA36D8919506}.AppStore|iPhone.Build.0 = Release|Any CPU
		{23838296-3D60-4FE4-A4A2-BA36D8919506}.AppStore|iPhone.Deploy.0 = Release|Any CPU
		{23838296-3D60-4FE4-A4A2-BA36D8919506}.AppStore|iPhoneSimulator.ActiveCfg = Release|Any CPU
		{23838296-3D60-4FE4-A4A2-BA36D8919506}.AppStore|iPhoneSimulator.Build.0 = Release|Any CPU
		{23838296-3D60-4FE4-A4A2-BA36D8919506}.AppStore|iPhoneSimulator.Deploy.0 = Release|Any CPU
		{23838296-3D60-4FE4-A4A2-BA36D8919506}.Debug|Any CPU.ActiveCfg = Debug|Any CPU
		{23838296-3D60-4FE4-A4A2-BA36D8919506}.Debug|Any CPU.Build.0 = Debug|Any CPU
		{23838296-3D60-4FE4-A4A2-BA36D8919506}.Debug|Any CPU.Deploy.0 = Debug|Any CPU
		{23838296-3D60-4FE4-A4A2-BA36D8919506}.Debug|iPhone.ActiveCfg = Debug|Any CPU
		{23838296-3D60-4FE4-A4A2-BA36D8919506}.Debug|iPhone.Build.0 = Debug|Any CPU
		{23838296-3D60-4FE4-A4A2-BA36D8919506}.Debug|iPhone.Deploy.0 = Debug|Any CPU
		{23838296-3D60-4FE4-A4A2-BA36D8919506}.Debug|iPhoneSimulator.ActiveCfg = Debug|Any CPU
		{23838296-3D60-4FE4-A4A2-BA36D8919506}.Debug|iPhoneSimulator.Build.0 = Debug|Any CPU
		{23838296-3D60-4FE4-A4A2-BA36D8919506}.Debug|iPhoneSimulator.Deploy.0 = Debug|Any CPU
		{23838296-3D60-4FE4-A4A2-BA36D8919506}.Release|Any CPU.ActiveCfg = Release|Any CPU
		{23838296-3D60-4FE4-A4A2-BA36D8919506}.Release|Any CPU.Build.0 = Release|Any CPU
		{23838296-3D60-4FE4-A4A2-BA36D8919506}.Release|Any CPU.Deploy.0 = Release|Any CPU
		{23838296-3D60-4FE4-A4A2-BA36D8919506}.Release|iPhone.ActiveCfg = Release|Any CPU
		{23838296-3D60-4FE4-A4A2-BA36D8919506}.Release|iPhone.Build.0 = Release|Any CPU
		{23838296-3D60-4FE4-A4A2-BA36D8919506}.Release|iPhone.Deploy.0 = Release|Any CPU
		{23838296-3D60-4FE4-A4A2-BA36D8919506}.Release|iPhoneSimulator.ActiveCfg = Release|Any CPU
		{23838296-3D60-4FE4-A4A2-BA36D8919506}.Release|iPhoneSimulator.Build.0 = Release|Any CPU
		{23838296-3D60-4FE4-A4A2-BA36D8919506}.Release|iPhoneSimulator.Deploy.0 = Release|Any CPU
		{EFF1C47C-0685-4869-9BBA-7A4E14AA9654}.Ad-Hoc|Any CPU.ActiveCfg = Ad-Hoc|iPhone
		{EFF1C47C-0685-4869-9BBA-7A4E14AA9654}.Ad-Hoc|iPhone.ActiveCfg = Ad-Hoc|iPhone
		{EFF1C47C-0685-4869-9BBA-7A4E14AA9654}.Ad-Hoc|iPhone.Build.0 = Ad-Hoc|iPhone
		{EFF1C47C-0685-4869-9BBA-7A4E14AA9654}.Ad-Hoc|iPhoneSimulator.ActiveCfg = Ad-Hoc|iPhoneSimulator
		{EFF1C47C-0685-4869-9BBA-7A4E14AA9654}.Ad-Hoc|iPhoneSimulator.Build.0 = Ad-Hoc|iPhoneSimulator
		{EFF1C47C-0685-4869-9BBA-7A4E14AA9654}.AppStore|Any CPU.ActiveCfg = AppStore|iPhone
		{EFF1C47C-0685-4869-9BBA-7A4E14AA9654}.AppStore|iPhone.ActiveCfg = AppStore|iPhone
		{EFF1C47C-0685-4869-9BBA-7A4E14AA9654}.AppStore|iPhone.Build.0 = AppStore|iPhone
		{EFF1C47C-0685-4869-9BBA-7A4E14AA9654}.AppStore|iPhoneSimulator.ActiveCfg = AppStore|iPhoneSimulator
		{EFF1C47C-0685-4869-9BBA-7A4E14AA9654}.AppStore|iPhoneSimulator.Build.0 = AppStore|iPhoneSimulator
		{EFF1C47C-0685-4869-9BBA-7A4E14AA9654}.Debug|Any CPU.ActiveCfg = Debug|iPhone
		{EFF1C47C-0685-4869-9BBA-7A4E14AA9654}.Debug|iPhone.ActiveCfg = Debug|iPhone
		{EFF1C47C-0685-4869-9BBA-7A4E14AA9654}.Debug|iPhone.Build.0 = Debug|iPhone
		{EFF1C47C-0685-4869-9BBA-7A4E14AA9654}.Debug|iPhoneSimulator.ActiveCfg = Debug|iPhoneSimulator
		{EFF1C47C-0685-4869-9BBA-7A4E14AA9654}.Debug|iPhoneSimulator.Build.0 = Debug|iPhoneSimulator
		{EFF1C47C-0685-4869-9BBA-7A4E14AA9654}.Release|Any CPU.ActiveCfg = Release|iPhone
		{EFF1C47C-0685-4869-9BBA-7A4E14AA9654}.Release|iPhone.ActiveCfg = Release|iPhone
		{EFF1C47C-0685-4869-9BBA-7A4E14AA9654}.Release|iPhone.Build.0 = Release|iPhone
		{EFF1C47C-0685-4869-9BBA-7A4E14AA9654}.Release|iPhoneSimulator.ActiveCfg = Release|iPhoneSimulator
		{EFF1C47C-0685-4869-9BBA-7A4E14AA9654}.Release|iPhoneSimulator.Build.0 = Release|iPhoneSimulator
	EndGlobalSection
	GlobalSection(SolutionProperties) = preSolution
		HideSolutionNode = FALSE
	EndGlobalSection
	GlobalSection(ExtensibilityGlobals) = postSolution
		SolutionGuid = {06FB3450-ABDD-4DB6-BB92-0D03E9F65E11}
	EndGlobalSection
EndGlobal
