
Microsoft Visual Studio Solution File, Format Version 12.00
# Visual Studio Version 16
VisualStudioVersion = 16.0.30002.166
MinimumVisualStudioVersion = 10.0.40219.1
Project("{9A19103F-16F7-4668-BE54-9A1E7A4F7556}") = "MilesBackOffice.Web", "MilesTests\MilesBackOffice.Web.csproj", "{9BA27FA3-CCC9-45D4-BA1B-A6873131DDF8}"
EndProject
Project("{FAE04EC0-301F-11D3-BF4B-00C04F79EFBC}") = "CinelAirMiles", "CinelAirMiles\CinelAirMiles.csproj", "{0E6F87ED-8C45-468B-843D-59DD3C39B857}"
EndProject
Global
	GlobalSection(SolutionConfigurationPlatforms) = preSolution
		Debug|Any CPU = Debug|Any CPU
		Release|Any CPU = Release|Any CPU
	EndGlobalSection
	GlobalSection(ProjectConfigurationPlatforms) = postSolution
		{9BA27FA3-CCC9-45D4-BA1B-A6873131DDF8}.Debug|Any CPU.ActiveCfg = Debug|Any CPU
		{9BA27FA3-CCC9-45D4-BA1B-A6873131DDF8}.Debug|Any CPU.Build.0 = Debug|Any CPU
		{9BA27FA3-CCC9-45D4-BA1B-A6873131DDF8}.Release|Any CPU.ActiveCfg = Release|Any CPU
		{9BA27FA3-CCC9-45D4-BA1B-A6873131DDF8}.Release|Any CPU.Build.0 = Release|Any CPU
		{0E6F87ED-8C45-468B-843D-59DD3C39B857}.Debug|Any CPU.ActiveCfg = Debug|Any CPU
		{0E6F87ED-8C45-468B-843D-59DD3C39B857}.Debug|Any CPU.Build.0 = Debug|Any CPU
		{0E6F87ED-8C45-468B-843D-59DD3C39B857}.Release|Any CPU.ActiveCfg = Release|Any CPU
		{0E6F87ED-8C45-468B-843D-59DD3C39B857}.Release|Any CPU.Build.0 = Release|Any CPU
	EndGlobalSection
	GlobalSection(SolutionProperties) = preSolution
		HideSolutionNode = FALSE
	EndGlobalSection
	GlobalSection(ExtensibilityGlobals) = postSolution
		SolutionGuid = {06FB3450-ABDD-4DB6-BB92-0D03E9F65E11}
	EndGlobalSection
EndGlobal
